
Microsoft Visual Studio Solution File, Format Version 12.00
# Visual Studio Version 16
VisualStudioVersion = 16.0.29519.87
MinimumVisualStudioVersion = 10.0.40219.1
Project("{FAE04EC0-301F-11D3-BF4B-00C04F79EFBC}") = "Desktop application", "Desktop application\Desktop application.csproj", "{ED196032-8A91-40A6-A958-F33CBA1CCF88}"
EndProject
Global
	GlobalSection(SolutionConfigurationPlatforms) = preSolution
		Debug|Any CPU = Debug|Any CPU
		Release|Any CPU = Release|Any CPU
	EndGlobalSection
	GlobalSection(ProjectConfigurationPlatforms) = postSolution
		{ED196032-8A91-40A6-A958-F33CBA1CCF88}.Debug|Any CPU.ActiveCfg = Debug|Any CPU
		{ED196032-8A91-40A6-A958-F33CBA1CCF88}.Debug|Any CPU.Build.0 = Debug|Any CPU
		{ED196032-8A91-40A6-A958-F33CBA1CCF88}.Release|Any CPU.ActiveCfg = Release|Any CPU
		{ED196032-8A91-40A6-A958-F33CBA1CCF88}.Release|Any CPU.Build.0 = Release|Any CPU
	EndGlobalSection
	GlobalSection(SolutionProperties) = preSolution
		HideSolutionNode = FALSE
	EndGlobalSection
	GlobalSection(ExtensibilityGlobals) = postSolution
		SolutionGuid = {4ACF4E81-AF57-4C76-9CD0-3CE8C719467C}
	EndGlobalSection
EndGlobal
